
Microsoft Visual Studio Solution File, Format Version 12.00
# Visual Studio Version 17
VisualStudioVersion = 17.0.31903.59
MinimumVisualStudioVersion = 10.0.40219.1
Project("{FAE04EC0-301F-11D3-BF4B-00C04F79EFBC}") = "estacionamento_dapper", "estacionamento\estacionamento_dapper.csproj", "{CEC104E6-0DD5-4B08-99B4-6A7E02ED169A}"
EndProject
Project("{FAE04EC0-301F-11D3-BF4B-00C04F79EFBC}") = "tests", "tests\tests.csproj", "{00510563-4473-4F53-9A0B-BDC424853E6C}"
EndProject
Global
	GlobalSection(SolutionConfigurationPlatforms) = preSolution
		Debug|Any CPU = Debug|Any CPU
		Release|Any CPU = Release|Any CPU
	EndGlobalSection
	GlobalSection(SolutionProperties) = preSolution
		HideSolutionNode = FALSE
	EndGlobalSection
	GlobalSection(ProjectConfigurationPlatforms) = postSolution
		{CEC104E6-0DD5-4B08-99B4-6A7E02ED169A}.Debug|Any CPU.ActiveCfg = Debug|Any CPU
		{CEC104E6-0DD5-4B08-99B4-6A7E02ED169A}.Debug|Any CPU.Build.0 = Debug|Any CPU
		{CEC104E6-0DD5-4B08-99B4-6A7E02ED169A}.Release|Any CPU.ActiveCfg = Release|Any CPU
		{CEC104E6-0DD5-4B08-99B4-6A7E02ED169A}.Release|Any CPU.Build.0 = Release|Any CPU
		{00510563-4473-4F53-9A0B-BDC424853E6C}.Debug|Any CPU.ActiveCfg = Debug|Any CPU
		{00510563-4473-4F53-9A0B-BDC424853E6C}.Debug|Any CPU.Build.0 = Debug|Any CPU
		{00510563-4473-4F53-9A0B-BDC424853E6C}.Release|Any CPU.ActiveCfg = Release|Any CPU
		{00510563-4473-4F53-9A0B-BDC424853E6C}.Release|Any CPU.Build.0 = Release|Any CPU
	EndGlobalSection
EndGlobal
